
Microsoft Visual Studio Solution File, Format Version 12.00
# Visual Studio 15
VisualStudioVersion = 15.0.27004.2010
MinimumVisualStudioVersion = 10.0.40219.1
Project("{FAE04EC0-301F-11D3-BF4B-00C04F79EFBC}") = "ChinmayeePolicy", "ChinmayeePolicy\ChinmayeePolicy.csproj", "{CAB5940D-043B-44BB-947C-2911A1148F26}"
EndProject
Project("{E53339B2-1760-4266-BCC7-CA923CBCF16C}") = "docker-compose", "docker-compose.dcproj", "{585580AA-304B-4987-B6DB-7EB4F0422283}"
EndProject
Global
	GlobalSection(SolutionConfigurationPlatforms) = preSolution
		Debug|Any CPU = Debug|Any CPU
		Release|Any CPU = Release|Any CPU
	EndGlobalSection
	GlobalSection(ProjectConfigurationPlatforms) = postSolution
		{CAB5940D-043B-44BB-947C-2911A1148F26}.Debug|Any CPU.ActiveCfg = Debug|Any CPU
		{CAB5940D-043B-44BB-947C-2911A1148F26}.Debug|Any CPU.Build.0 = Debug|Any CPU
		{CAB5940D-043B-44BB-947C-2911A1148F26}.Release|Any CPU.ActiveCfg = Release|Any CPU
		{CAB5940D-043B-44BB-947C-2911A1148F26}.Release|Any CPU.Build.0 = Release|Any CPU
		{585580AA-304B-4987-B6DB-7EB4F0422283}.Debug|Any CPU.ActiveCfg = Debug|Any CPU
		{585580AA-304B-4987-B6DB-7EB4F0422283}.Debug|Any CPU.Build.0 = Debug|Any CPU
		{585580AA-304B-4987-B6DB-7EB4F0422283}.Release|Any CPU.ActiveCfg = Release|Any CPU
		{585580AA-304B-4987-B6DB-7EB4F0422283}.Release|Any CPU.Build.0 = Release|Any CPU
	EndGlobalSection
	GlobalSection(SolutionProperties) = preSolution
		HideSolutionNode = FALSE
	EndGlobalSection
	GlobalSection(ExtensibilityGlobals) = postSolution
		SolutionGuid = {61ED0C66-8BB3-4422-A215-7A589EA9CEBD}
	EndGlobalSection
EndGlobal
